
Microsoft Visual Studio Solution File, Format Version 12.00
# Visual Studio Version 16
VisualStudioVersion = 16.0.33214.272
MinimumVisualStudioVersion = 10.0.40219.1
Project("{FAE04EC0-301F-11D3-BF4B-00C04F79EFBC}") = "Assignment02", "Assignment02.csproj", "{67A6CEF4-11BF-4826-9363-658ED0C750AB}"
EndProject
Global
	GlobalSection(SolutionConfigurationPlatforms) = preSolution
		Debug|Any CPU = Debug|Any CPU
		Release|Any CPU = Release|Any CPU
	EndGlobalSection
	GlobalSection(ProjectConfigurationPlatforms) = postSolution
		{67A6CEF4-11BF-4826-9363-658ED0C750AB}.Debug|Any CPU.ActiveCfg = Debug|Any CPU
		{67A6CEF4-11BF-4826-9363-658ED0C750AB}.Debug|Any CPU.Build.0 = Debug|Any CPU
		{67A6CEF4-11BF-4826-9363-658ED0C750AB}.Release|Any CPU.ActiveCfg = Release|Any CPU
		{67A6CEF4-11BF-4826-9363-658ED0C750AB}.Release|Any CPU.Build.0 = Release|Any CPU
	EndGlobalSection
	GlobalSection(SolutionProperties) = preSolution
		HideSolutionNode = FALSE
	EndGlobalSection
	GlobalSection(ExtensibilityGlobals) = postSolution
		SolutionGuid = {65343241-4360-4F89-A76A-95FF4D3CF6E0}
	EndGlobalSection
EndGlobal
